Microsoft Visual Studio Solution File, Format Version 12.00
# Visual Studio Version 17
VisualStudioVersion = 17.9.34728.123
MinimumVisualStudioVersion = 10.0.40219.1
Project("{9A19103F-16F7-4668-BE54-9A1E7A4F7556}") = "HundeRally.Logic", "HundeRally.Logic\HundeRally.Logic.csproj", "{C812608D-5819-4D81-980A-DF0E22450423}"
EndProject
Project("{9A19103F-16F7-4668-BE54-9A1E7A4F7556}") = "HundeRally.WebAPI", "HundeRally.WebAPI\HundeRally.WebAPI.csproj", "{38AD9C76-365A-4398-A6F9-473A8A467447}"
EndProject
Project("{9A19103F-16F7-4668-BE54-9A1E7A4F7556}") = "HundeRally.WebUIAPITest", "HundeRally.WebUIAPITest\HundeRally.WebUIAPITest\HundeRally.WebUIAPITest.csproj", "{99CEF3D0-3A9B-46D2-8725-1E95BCA1BD55}"
EndProject
Project("{9A19103F-16F7-4668-BE54-9A1E7A4F7556}") = "HundeRally.WebUIAPITest.Client", "HundeRally.WebUIAPITest\HundeRally.WebUIAPITest.Client\HundeRally.WebUIAPITest.Client.csproj", "{CC7137BC-22FF-4CA5-B36A-EAAA69E94383}"
EndProject
Project("{9A19103F-16F7-4668-BE54-9A1E7A4F7556}") = "HundeRally.WebUI", "HundeRally.WebUI\HundeRally.WebUI\HundeRally.WebUI.csproj", "{BA586213-DF9D-4C7F-91F9-0BC5ECF8523B}"
EndProject
Project("{9A19103F-16F7-4668-BE54-9A1E7A4F7556}") = "HundeRally.WebUI.Client", "HundeRally.WebUI\HundeRally.WebUI.Client\HundeRally.WebUI.Client.csproj", "{D45C6832-D863-4417-B122-A8CBAC47690B}"
EndProject
Project("{9A19103F-16F7-4668-BE54-9A1E7A4F7556}") = "WasmTest1", "WasmTest1\WasmTest1.csproj", "{A897004C-2091-46F5-B709-CBEB4049FD0F}"
EndProject
Project("{FAE04EC0-301F-11D3-BF4B-00C04F79EFBC}") = "HundeRally.API", "HundeRally.API\HundeRally.API.csproj", "{02C1D16F-466F-4F17-9695-B50E93DAC99E}"
EndProject
Project("{FAE04EC0-301F-11D3-BF4B-00C04F79EFBC}") = "HundeRally.Wasm", "HundeRally.Wasm\HundeRally.Wasm.csproj", "{25908ACC-0F22-4A30-B44D-09AA94F047F1}"
EndProject
Global
	GlobalSection(SolutionConfigurationPlatforms) = preSolution
		Debug|Any CPU = Debug|Any CPU
		Release|Any CPU = Release|Any CPU
	EndGlobalSection
	GlobalSection(ProjectConfigurationPlatforms) = postSolution
		{C812608D-5819-4D81-980A-DF0E22450423}.Debug|Any CPU.ActiveCfg = Debug|Any CPU
		{C812608D-5819-4D81-980A-DF0E22450423}.Debug|Any CPU.Build.0 = Debug|Any CPU
		{C812608D-5819-4D81-980A-DF0E22450423}.Release|Any CPU.ActiveCfg = Release|Any CPU
		{C812608D-5819-4D81-980A-DF0E22450423}.Release|Any CPU.Build.0 = Release|Any CPU
		{38AD9C76-365A-4398-A6F9-473A8A467447}.Debug|Any CPU.ActiveCfg = Debug|Any CPU
		{38AD9C76-365A-4398-A6F9-473A8A467447}.Debug|Any CPU.Build.0 = Debug|Any CPU
		{38AD9C76-365A-4398-A6F9-473A8A467447}.Release|Any CPU.ActiveCfg = Release|Any CPU
		{38AD9C76-365A-4398-A6F9-473A8A467447}.Release|Any CPU.Build.0 = Release|Any CPU
		{99CEF3D0-3A9B-46D2-8725-1E95BCA1BD55}.Debug|Any CPU.ActiveCfg = Debug|Any CPU
		{99CEF3D0-3A9B-46D2-8725-1E95BCA1BD55}.Debug|Any CPU.Build.0 = Debug|Any CPU
		{99CEF3D0-3A9B-46D2-8725-1E95BCA1BD55}.Release|Any CPU.ActiveCfg = Release|Any CPU
		{99CEF3D0-3A9B-46D2-8725-1E95BCA1BD55}.Release|Any CPU.Build.0 = Release|Any CPU
		{CC7137BC-22FF-4CA5-B36A-EAAA69E94383}.Debug|Any CPU.ActiveCfg = Debug|Any CPU
		{CC7137BC-22FF-4CA5-B36A-EAAA69E94383}.Debug|Any CPU.Build.0 = Debug|Any CPU
		{CC7137BC-22FF-4CA5-B36A-EAAA69E94383}.Release|Any CPU.ActiveCfg = Release|Any CPU
		{CC7137BC-22FF-4CA5-B36A-EAAA69E94383}.Release|Any CPU.Build.0 = Release|Any CPU
		{BA586213-DF9D-4C7F-91F9-0BC5ECF8523B}.Debug|Any CPU.ActiveCfg = Debug|Any CPU
		{BA586213-DF9D-4C7F-91F9-0BC5ECF8523B}.Debug|Any CPU.Build.0 = Debug|Any CPU
		{BA586213-DF9D-4C7F-91F9-0BC5ECF8523B}.Release|Any CPU.ActiveCfg = Release|Any CPU
		{BA586213-DF9D-4C7F-91F9-0BC5ECF8523B}.Release|Any CPU.Build.0 = Release|Any CPU
		{D45C6832-D863-4417-B122-A8CBAC47690B}.Debug|Any CPU.ActiveCfg = Debug|Any CPU
		{D45C6832-D863-4417-B122-A8CBAC47690B}.Debug|Any CPU.Build.0 = Debug|Any CPU
		{D45C6832-D863-4417-B122-A8CBAC47690B}.Release|Any CPU.ActiveCfg = Release|Any CPU
		{D45C6832-D863-4417-B122-A8CBAC47690B}.Release|Any CPU.Build.0 = Release|Any CPU
		{A897004C-2091-46F5-B709-CBEB4049FD0F}.Debug|Any CPU.ActiveCfg = Debug|Any CPU
		{A897004C-2091-46F5-B709-CBEB4049FD0F}.Debug|Any CPU.Build.0 = Debug|Any CPU
		{A897004C-2091-46F5-B709-CBEB4049FD0F}.Release|Any CPU.ActiveCfg = Release|Any CPU
		{A897004C-2091-46F5-B709-CBEB4049FD0F}.Release|Any CPU.Build.0 = Release|Any CPU
		{02C1D16F-466F-4F17-9695-B50E93DAC99E}.Debug|Any CPU.ActiveCfg = Debug|Any CPU
		{02C1D16F-466F-4F17-9695-B50E93DAC99E}.Debug|Any CPU.Build.0 = Debug|Any CPU
		{02C1D16F-466F-4F17-9695-B50E93DAC99E}.Release|Any CPU.ActiveCfg = Release|Any CPU
		{02C1D16F-466F-4F17-9695-B50E93DAC99E}.Release|Any CPU.Build.0 = Release|Any CPU
		{25908ACC-0F22-4A30-B44D-09AA94F047F1}.Debug|Any CPU.ActiveCfg = Debug|Any CPU
		{25908ACC-0F22-4A30-B44D-09AA94F047F1}.Debug|Any CPU.Build.0 = Debug|Any CPU
		{25908ACC-0F22-4A30-B44D-09AA94F047F1}.Release|Any CPU.ActiveCfg = Release|Any CPU
		{25908ACC-0F22-4A30-B44D-09AA94F047F1}.Release|Any CPU.Build.0 = Release|Any CPU
	EndGlobalSection
	GlobalSection(SolutionProperties) = preSolution
		HideSolutionNode = FALSE
	EndGlobalSection
	GlobalSection(ExtensibilityGlobals) = postSolution
		SolutionGuid = {60AA840A-B588-42F5-8C39-D722E06345BB}
	EndGlobalSection
EndGlobal
